// !$*UTF8*$!
{
	archiveVersion = 1;
	classes = {
	};
	objectVersion = 56;
	objects = {

/* Begin PBXBuildFile section */
		0B0327A82BA2D00C0011E471 /* BarScannerApp.swift in Sources */ = {isa = PBXBuildFile; fileRef = 0B0327A72BA2D00C0011E471 /* BarScannerApp.swift */; };
		0B0327AA2BA2D00C0011E471 /* BarcodeScannerView.swift in Sources */ = {isa = PBXBuildFile; fileRef = 0B0327A92BA2D00C0011E471 /* BarcodeScannerView.swift */; };
		0B0327AC2BA2D00E0011E471 /* Assets.xcassets in Resources */ = {isa = PBXBuildFile; fileRef = 0B0327AB2BA2D00E0011E471 /* Assets.xcassets */; };
		0B0327AF2BA2D00E0011E471 /* Preview Assets.xcassets in Resources */ = {isa = PBXBuildFile; fileRef = 0B0327AE2BA2D00E0011E471 /* Preview Assets.xcassets */; };
		0B0327B92BA2D00E0011E471 /* BarScannerTests.swift in Sources */ = {isa = PBXBuildFile; fileRef = 0B0327B82BA2D00E0011E471 /* BarScannerTests.swift */; };
		0B0327C32BA2D00E0011E471 /* BarScannerUITests.swift in Sources */ = {isa = PBXBuildFile; fileRef = 0B0327C22BA2D00E0011E471 /* BarScannerUITests.swift */; };
		0B0327C52BA2D00E0011E471 /* BarScannerUITestsLaunchTests.swift in Sources */ = {isa = PBXBuildFile; fileRef = 0B0327C42BA2D00E0011E471 /* BarScannerUITestsLaunchTests.swift */; };
		0B0327D52BA2D8980011E471 /* ScannerVC.swift in Sources */ = {isa = PBXBuildFile; fileRef = 0B0327D42BA2D8980011E471 /* ScannerVC.swift */; };
		0B0327D72BA2FC450011E471 /* ScannerView.swift in Sources */ = {isa = PBXBuildFile; fileRef = 0B0327D62BA2FC450011E471 /* ScannerView.swift */; };
/* End PBXBuildFile section */

/* Begin PBXContainerItemProxy section */
		0B0327B52BA2D00E0011E471 /* PBXContainerItemProxy */ = {
			isa = PBXContainerItemProxy;
			containerPortal = 0B03279C2BA2D00C0011E471 /* Project object */;
			proxyType = 1;
			remoteGlobalIDString = 0B0327A32BA2D00C0011E471;
			remoteInfo = BarScanner;
		};
		0B0327BF2BA2D00E0011E471 /* PBXContainerItemProxy */ = {
			isa = PBXContainerItemProxy;
			containerPortal = 0B03279C2BA2D00C0011E471 /* Project object */;
			proxyType = 1;
			remoteGlobalIDString = 0B0327A32BA2D00C0011E471;
			remoteInfo = BarScanner;
		};
/* End PBXContainerItemProxy section */

/* Begin PBXFileReference section */
		0B0327A42BA2D00C0011E471 /* BarScanner.app */ = {isa = PBXFileReference; explicitFileType = wrapper.application; includeInIndex = 0; path = BarScanner.app; sourceTree = BUILT_PRODUCTS_DIR; };
		0B0327A72BA2D00C0011E471 /* BarScannerApp.swift */ = {isa = PBXFileReference; lastKnownFileType = sourcecode.swift; path = BarScannerApp.swift; sourceTree = "<group>"; };
		0B0327A92BA2D00C0011E471 /* BarcodeScannerView.swift */ = {isa = PBXFileReference; lastKnownFileType = sourcecode.swift; path = BarcodeScannerView.swift; sourceTree = "<group>"; };
		0B0327AB2BA2D00E0011E471 /* Assets.xcassets */ = {isa = PBXFileReference; lastKnownFileType = folder.assetcatalog; path = Assets.xcassets; sourceTree = "<group>"; };
		0B0327AE2BA2D00E0011E471 /* Preview Assets.xcassets */ = {isa = PBXFileReference; lastKnownFileType = folder.assetcatalog; path = "Preview Assets.xcassets"; sourceTree = "<group>"; };
		0B0327B42BA2D00E0011E471 /* BarScannerTests.xctest */ = {isa = PBXFileReference; explicitFileType = wrapper.cfbundle; includeInIndex = 0; path = BarScannerTests.xctest; sourceTree = BUILT_PRODUCTS_DIR; };
		0B0327B82BA2D00E0011E471 /* BarScannerTests.swift */ = {isa = PBXFileReference; lastKnownFileType = sourcecode.swift; path = BarScannerTests.swift; sourceTree = "<group>"; };
		0B0327BE2BA2D00E0011E471 /* BarScannerUITests.xctest */ = {isa = PBXFileReference; explicitFileType = wrapper.cfbundle; includeInIndex = 0; path = BarScannerUITests.xctest; sourceTree = BUILT_PRODUCTS_DIR; };
		0B0327C22BA2D00E0011E471 /* BarScannerUITests.swift */ = {isa = PBXFileReference; lastKnownFileType = sourcecode.swift; path = BarScannerUITests.swift; sourceTree = "<group>"; };
		0B0327C42BA2D00E0011E471 /* BarScannerUITestsLaunchTests.swift */ = {isa = PBXFileReference; lastKnownFileType = sourcecode.swift; path = BarScannerUITestsLaunchTests.swift; sourceTree = "<group>"; };
		0B0327D32BA2D7110011E471 /* Info.plist */ = {isa = PBXFileReference; lastKnownFileType = text.plist; path = Info.plist; sourceTree = "<group>"; };
		0B0327D42BA2D8980011E471 /* ScannerVC.swift */ = {isa = PBXFileReference; lastKnownFileType = sourcecode.swift; path = ScannerVC.swift; sourceTree = "<group>"; };
		0B0327D62BA2FC450011E471 /* ScannerView.swift */ = {isa = PBXFileReference; lastKnownFileType = sourcecode.swift; path = ScannerView.swift; sourceTree = "<group>"; };
/* End PBXFileReference section */

/* Begin PBXFrameworksBuildPhase section */
		0B0327A12BA2D00C0011E471 /* Frameworks */ = {
			isa = PBXFrameworksBuildPhase;
			buildActionMask = 2147483647;
			files = (
			);
			runOnlyForDeploymentPostprocessing = 0;
		};
		0B0327B12BA2D00E0011E471 /* Frameworks */ = {
			isa = PBXFrameworksBuildPhase;
			buildActionMask = 2147483647;
			files = (
			);
			runOnlyForDeploymentPostprocessing = 0;
		};
		0B0327BB2BA2D00E0011E471 /* Frameworks */ = {
			isa = PBXFrameworksBuildPhase;
			buildActionMask = 2147483647;
			files = (
			);
			runOnlyForDeploymentPostprocessing = 0;
		};
/* End PBXFrameworksBuildPhase section */

/* Begin PBXGroup section */
		0B03279B2BA2D00C0011E471 = {
			isa = PBXGroup;
			children = (
				0B0327A62BA2D00C0011E471 /* BarScanner */,
				0B0327B72BA2D00E0011E471 /* BarScannerTests */,
				0B0327C12BA2D00E0011E471 /* BarScannerUITests */,
				0B0327A52BA2D00C0011E471 /* Products */,
			);
			sourceTree = "<group>";
		};
		0B0327A52BA2D00C0011E471 /* Products */ = {
			isa = PBXGroup;
			children = (
				0B0327A42BA2D00C0011E471 /* BarScanner.app */,
				0B0327B42BA2D00E0011E471 /* BarScannerTests.xctest */,
				0B0327BE2BA2D00E0011E471 /* BarScannerUITests.xctest */,
			);
			name = Products;
			sourceTree = "<group>";
		};
		0B0327A62BA2D00C0011E471 /* BarScanner */ = {
			isa = PBXGroup;
			children = (
				0B0327D32BA2D7110011E471 /* Info.plist */,
				0B0327D22BA2D0390011E471 /* Screens */,
				0B0327D12BA2D0320011E471 /* Views */,
				0B0327A72BA2D00C0011E471 /* BarScannerApp.swift */,
				0B0327A92BA2D00C0011E471 /* BarcodeScannerView.swift */,
				0B0327AB2BA2D00E0011E471 /* Assets.xcassets */,
				0B0327AD2BA2D00E0011E471 /* Preview Content */,
			);
			path = BarScanner;
			sourceTree = "<group>";
		};
		0B0327AD2BA2D00E0011E471 /* Preview Content */ = {
			isa = PBXGroup;
			children = (
				0B0327AE2BA2D00E0011E471 /* Preview Assets.xcassets */,
			);
			path = "Preview Content";
			sourceTree = "<group>";
		};
		0B0327B72BA2D00E0011E471 /* BarScannerTests */ = {
			isa = PBXGroup;
			children = (
				0B0327B82BA2D00E0011E471 /* BarScannerTests.swift */,
			);
			path = BarScannerTests;
			sourceTree = "<group>";
		};
		0B0327C12BA2D00E0011E471 /* BarScannerUITests */ = {
			isa = PBXGroup;
			children = (
				0B0327C22BA2D00E0011E471 /* BarScannerUITests.swift */,
				0B0327C42BA2D00E0011E471 /* BarScannerUITestsLaunchTests.swift */,
			);
			path = BarScannerUITests;
			sourceTree = "<group>";
		};
		0B0327D12BA2D0320011E471 /* Views */ = {
			isa = PBXGroup;
			children = (
				0B0327D42BA2D8980011E471 /* ScannerVC.swift */,
				0B0327D62BA2FC450011E471 /* ScannerView.swift */,
			);
			path = Views;
			sourceTree = "<group>";
		};
		0B0327D22BA2D0390011E471 /* Screens */ = {
			isa = PBXGroup;
			children = (
			);
			path = Screens;
			sourceTree = "<group>";
		};
/* End PBXGroup section */

/* Begin PBXNativeTarget section */
		0B0327A32BA2D00C0011E471 /* BarScanner */ = {
			isa = PBXNativeTarget;
			buildConfigurationList = 0B0327C82BA2D00E0011E471 /* Build configuration list for PBXNativeTarget "BarScanner" */;
			buildPhases = (
				0B0327A02BA2D00C0011E471 /* Sources */,
				0B0327A12BA2D00C0011E471 /* Frameworks */,
				0B0327A22BA2D00C0011E471 /* Resources */,
			);
			buildRules = (
			);
			dependencies = (
			);
			name = BarScanner;
			productName = BarScanner;
			productReference = 0B0327A42BA2D00C0011E471 /* BarScanner.app */;
			productType = "com.apple.product-type.application";
		};
		0B0327B32BA2D00E0011E471 /* BarScannerTests */ = {
			isa = PBXNativeTarget;
			buildConfigurationList = 0B0327CB2BA2D00E0011E471 /* Build configuration list for PBXNativeTarget "BarScannerTests" */;
			buildPhases = (
				0B0327B02BA2D00E0011E471 /* Sources */,
				0B0327B12BA2D00E0011E471 /* Frameworks */,
				0B0327B22BA2D00E0011E471 /* Resources */,
			);
			buildRules = (
			);
			dependencies = (
				0B0327B62BA2D00E0011E471 /* PBXTargetDependency */,
			);
			name = BarScannerTests;
			productName = BarScannerTests;
			productReference = 0B0327B42BA2D00E0011E471 /* BarScannerTests.xctest */;
			productType = "com.apple.product-type.bundle.unit-test";
		};
		0B0327BD2BA2D00E0011E471 /* BarScannerUITests */ = {
			isa = PBXNativeTarget;
			buildConfigurationList = 0B0327CE2BA2D00E0011E471 /* Build configuration list for PBXNativeTarget "BarScannerUITests" */;
			buildPhases = (
				0B0327BA2BA2D00E0011E471 /* Sources */,
				0B0327BB2BA2D00E0011E471 /* Frameworks */,
				0B0327BC2BA2D00E0011E471 /* Resources */,
			);
			buildRules = (
			);
			dependencies = (
				0B0327C02BA2D00E0011E471 /* PBXTargetDependency */,
			);
			name = BarScannerUITests;
			productName = BarScannerUITests;
			productReference = 0B0327BE2BA2D00E0011E471 /* BarScannerUITests.xctest */;
			productType = "com.apple.product-type.bundle.ui-testing";
		};
/* End PBXNativeTarget section */

/* Begin PBXProject section */
		0B03279C2BA2D00C0011E471 /* Project object */ = {
			isa = PBXProject;
			attributes = {
				BuildIndependentTargetsInParallel = 1;
				LastSwiftUpdateCheck = 1520;
				LastUpgradeCheck = 1520;
				TargetAttributes = {
					0B0327A32BA2D00C0011E471 = {
						CreatedOnToolsVersion = 15.2;
					};
					0B0327B32BA2D00E0011E471 = {
						CreatedOnToolsVersion = 15.2;
						TestTargetID = 0B0327A32BA2D00C0011E471;
					};
					0B0327BD2BA2D00E0011E471 = {
						CreatedOnToolsVersion = 15.2;
						TestTargetID = 0B0327A32BA2D00C0011E471;
					};
				};
			};
			buildConfigurationList = 0B03279F2BA2D00C0011E471 /* Build configuration list for PBXProject "BarScanner" */;
			compatibilityVersion = "Xcode 14.0";
			developmentRegion = en;
			hasScannedForEncodings = 0;
			knownRegions = (
				en,
				Base,
			);
			mainGroup = 0B03279B2BA2D00C0011E471;
			productRefGroup = 0B0327A52BA2D00C0011E471 /* Products */;
			projectDirPath = "";
			projectRoot = "";
			targets = (
				0B0327A32BA2D00C0011E471 /* BarScanner */,
				0B0327B32BA2D00E0011E471 /* BarScannerTests */,
				0B0327BD2BA2D00E0011E471 /* BarScannerUITests */,
			);
		};
/* End PBXProject section */

/* Begin PBXResourcesBuildPhase section */
		0B0327A22BA2D00C0011E471 /* Resources */ = {
			isa = PBXResourcesBuildPhase;
			buildActionMask = 2147483647;
			files = (
				0B0327AF2BA2D00E0011E471 /* Preview Assets.xcassets in Resources */,
				0B0327AC2BA2D00E0011E471 /* Assets.xcassets in Resources */,
			);
			runOnlyForDeploymentPostprocessing = 0;
		};
		0B0327B22BA2D00E0011E471 /* Resources */ = {
			isa = PBXResourcesBuildPhase;
			buildActionMask = 2147483647;
			files = (
			);
			runOnlyForDeploymentPostprocessing = 0;
		};
		0B0327BC2BA2D00E0011E471 /* Resources */ = {
			isa = PBXResourcesBuildPhase;
			buildActionMask = 2147483647;
			files = (
			);
			runOnlyForDeploymentPostprocessing = 0;
		};
/* End PBXResourcesBuildPhase section */

/* Begin PBXSourcesBuildPhase section */
		0B0327A02BA2D00C0011E471 /* Sources */ = {
			isa = PBXSourcesBuildPhase;
			buildActionMask = 2147483647;
			files = (
				0B0327D52BA2D8980011E471 /* ScannerVC.swift in Sources */,
				0B0327D72BA2FC450011E471 /* ScannerView.swift in Sources */,
				0B0327AA2BA2D00C0011E471 /* BarcodeScannerView.swift in Sources */,
				0B0327A82BA2D00C0011E471 /* BarScannerApp.swift in Sources */,
			);
			runOnlyForDeploymentPostprocessing = 0;
		};
		0B0327B02BA2D00E0011E471 /* Sources */ = {
			isa = PBXSourcesBuildPhase;
			buildActionMask = 2147483647;
			files = (
				0B0327B92BA2D00E0011E471 /* BarScannerTests.swift in Sources */,
			);
			runOnlyForDeploymentPostprocessing = 0;
		};
		0B0327BA2BA2D00E0011E471 /* Sources */ = {
			isa = PBXSourcesBuildPhase;
			buildActionMask = 2147483647;
			files = (
				0B0327C32BA2D00E0011E471 /* BarScannerUITests.swift in Sources */,
				0B0327C52BA2D00E0011E471 /* BarScannerUITestsLaunchTests.swift in Sources */,
			);
			runOnlyForDeploymentPostprocessing = 0;
		};
/* End PBXSourcesBuildPhase section */

/* Begin PBXTargetDependency section */
		0B0327B62BA2D00E0011E471 /* PBXTargetDependency */ = {
			isa = PBXTargetDependency;
			target = 0B0327A32BA2D00C0011E471 /* BarScanner */;
			targetProxy = 0B0327B52BA2D00E0011E471 /* PBXContainerItemProxy */;
		};
		0B0327C02BA2D00E0011E471 /* PBXTargetDependency */ = {
			isa = PBXTargetDependency;
			target = 0B0327A32BA2D00C0011E471 /* BarScanner */;
			targetProxy = 0B0327BF2BA2D00E0011E471 /* PBXContainerItemProxy */;
		};
/* End PBXTargetDependency section */

/* Begin XCBuildConfiguration section */
		0B0327C62BA2D00E0011E471 /* Debug */ = {
			isa = XCBuildConfiguration;
			buildSettings = {
				ALWAYS_SEARCH_USER_PATHS = NO;
				ASSETCATALOG_COMPILER_GENERATE_SWIFT_ASSET_SYMBOL_EXTENSIONS = YES;
				CLANG_ANALYZER_NONNULL = YES;
				CLANG_ANALYZER_NUMBER_OBJECT_CONVERSION = YES_AGGRESSIVE;
				CLANG_CXX_LANGUAGE_STANDARD = "gnu++20";
				CLANG_ENABLE_MODULES = YES;
				CLANG_ENABLE_OBJC_ARC = YES;
				CLANG_ENABLE_OBJC_WEAK = YES;
				CLANG_WARN_BLOCK_CAPTURE_AUTORELEASING = YES;
				CLANG_WARN_BOOL_CONVERSION = YES;
				CLANG_WARN_COMMA = YES;
				CLANG_WARN_CONSTANT_CONVERSION = YES;
				CLANG_WARN_DEPRECATED_OBJC_IMPLEMENTATIONS = YES;
				CLANG_WARN_DIRECT_OBJC_ISA_USAGE = YES_ERROR;
				CLANG_WARN_DOCUMENTATION_COMMENTS = YES;
				CLANG_WARN_EMPTY_BODY = YES;
				CLANG_WARN_ENUM_CONVERSION = YES;
				CLANG_WARN_INFINITE_RECURSION = YES;
				CLANG_WARN_INT_CONVERSION = YES;
				CLANG_WARN_NON_LITERAL_NULL_CONVERSION = YES;
				CLANG_WARN_OBJC_IMPLICIT_RETAIN_SELF = YES;
				CLANG_WARN_OBJC_LITERAL_CONVERSION = YES;
				CLANG_WARN_OBJC_ROOT_CLASS = YES_ERROR;
				CLANG_WARN_QUOTED_INCLUDE_IN_FRAMEWORK_HEADER = YES;
				CLANG_WARN_RANGE_LOOP_ANALYSIS = YES;
				CLANG_WARN_STRICT_PROTOTYPES = YES;
				CLANG_WARN_SUSPICIOUS_MOVE = YES;
				CLANG_WARN_UNGUARDED_AVAILABILITY = YES_AGGRESSIVE;
				CLANG_WARN_UNREACHABLE_CODE = YES;
				CLANG_WARN__DUPLICATE_METHOD_MATCH = YES;
				COPY_PHASE_STRIP = NO;
				DEBUG_INFORMATION_FORMAT = dwarf;
				ENABLE_STRICT_OBJC_MSGSEND = YES;
				ENABLE_TESTABILITY = YES;
				ENABLE_USER_SCRIPT_SANDBOXING = YES;
				GCC_C_LANGUAGE_STANDARD = gnu17;
				GCC_DYNAMIC_NO_PIC = NO;
				GCC_NO_COMMON_BLOCKS = YES;
				GCC_OPTIMIZATION_LEVEL = 0;
				GCC_PREPROCESSOR_DEFINITIONS = (
					"DEBUG=1",
					"$(inherited)",
				);
				GCC_WARN_64_TO_32_BIT_CONVERSION = YES;
				GCC_WARN_ABOUT_RETURN_TYPE = YES_ERROR;
				GCC_WARN_UNDECLARED_SELECTOR = YES;
				GCC_WARN_UNINITIALIZED_AUTOS = YES_AGGRESSIVE;
				GCC_WARN_UNUSED_FUNCTION = YES;
				GCC_WARN_UNUSED_VARIABLE = YES;
				IPHONEOS_DEPLOYMENT_TARGET = 17.2;
				LOCALIZATION_PREFERS_STRING_CATALOGS = YES;
				MTL_ENABLE_DEBUG_INFO = INCLUDE_SOURCE;
				MTL_FAST_MATH = YES;
				ONLY_ACTIVE_ARCH = YES;
				SDKROOT = iphoneos;
				SWIFT_ACTIVE_COMPILATION_CONDITIONS = "DEBUG $(inherited)";
				SWIFT_OPTIMIZATION_LEVEL = "-Onone";
			};
			name = Debug;
		};
		0B0327C72BA2D00E0011E471 /* Release */ = {
			isa = XCBuildConfiguration;
			buildSettings = {
				ALWAYS_SEARCH_USER_PATHS = NO;
				ASSETCATALOG_COMPILER_GENERATE_SWIFT_ASSET_SYMBOL_EXTENSIONS = YES;
				CLANG_ANALYZER_NONNULL = YES;
				CLANG_ANALYZER_NUMBER_OBJECT_CONVERSION = YES_AGGRESSIVE;
				CLANG_CXX_LANGUAGE_STANDARD = "gnu++20";
				CLANG_ENABLE_MODULES = YES;
				CLANG_ENABLE_OBJC_ARC = YES;
				CLANG_ENABLE_OBJC_WEAK = YES;
				CLANG_WARN_BLOCK_CAPTURE_AUTORELEASING = YES;
				CLANG_WARN_BOOL_CONVERSION = YES;
				CLANG_WARN_COMMA = YES;
				CLANG_WARN_CONSTANT_CONVERSION = YES;
				CLANG_WARN_DEPRECATED_OBJC_IMPLEMENTATIONS = YES;
				CLANG_WARN_DIRECT_OBJC_ISA_USAGE = YES_ERROR;
				CLANG_WARN_DOCUMENTATION_COMMENTS = YES;
				CLANG_WARN_EMPTY_BODY = YES;
				CLANG_WARN_ENUM_CONVERSION = YES;
				CLANG_WARN_INFINITE_RECURSION = YES;
				CLANG_WARN_INT_CONVERSION = YES;
				CLANG_WARN_NON_LITERAL_NULL_CONVERSION = YES;
				CLANG_WARN_OBJC_IMPLICIT_RETAIN_SELF = YES;
				CLANG_WARN_OBJC_LITERAL_CONVERSION = YES;
				CLANG_WARN_OBJC_ROOT_CLASS = YES_ERROR;
				CLANG_WARN_QUOTED_INCLUDE_IN_FRAMEWORK_HEADER = YES;
				CLANG_WARN_RANGE_LOOP_ANALYSIS = YES;
				CLANG_WARN_STRICT_PROTOTYPES = YES;
				CLANG_WARN_SUSPICIOUS_MOVE = YES;
				CLANG_WARN_UNGUARDED_AVAILABILITY = YES_AGGRESSIVE;
				CLANG_WARN_UNREACHABLE_CODE = YES;
				CLANG_WARN__DUPLICATE_METHOD_MATCH = YES;
				COPY_PHASE_STRIP = NO;
				DEBUG_INFORMATION_FORMAT = "dwarf-with-dsym";
				ENABLE_NS_ASSERTIONS = NO;
				ENABLE_STRICT_OBJC_MSGSEND = YES;
				ENABLE_USER_SCRIPT_SANDBOXING = YES;
				GCC_C_LANGUAGE_STANDARD = gnu17;
				GCC_NO_COMMON_BLOCKS = YES;
				GCC_WARN_64_TO_32_BIT_CONVERSION = YES;
				GCC_WARN_ABOUT_RETURN_TYPE = YES_ERROR;
				GCC_WARN_UNDECLARED_SELECTOR = YES;
				GCC_WARN_UNINITIALIZED_AUTOS = YES_AGGRESSIVE;
				GCC_WARN_UNUSED_FUNCTION = YES;
				GCC_WARN_UNUSED_VARIABLE = YES;
				IPHONEOS_DEPLOYMENT_TARGET = 17.2;
				LOCALIZATION_PREFERS_STRING_CATALOGS = YES;
				MTL_ENABLE_DEBUG_INFO = NO;
				MTL_FAST_MATH = YES;
				SDKROOT = iphoneos;
				SWIFT_COMPILATION_MODE = wholemodule;
				VALIDATE_PRODUCT = YES;
			};
			name = Release;
		};
		0B0327C92BA2D00E0011E471 /* Debug */ = {
			isa = XCBuildConfiguration;
			buildSettings = {
				ASSETCATALOG_COMPILER_APPICON_NAME = AppIcon;
				ASSETCATALOG_COMPILER_GLOBAL_ACCENT_COLOR_NAME = AccentColor;
				CODE_SIGN_STYLE = Automatic;
				CURRENT_PROJECT_VERSION = 1;
				DEVELOPMENT_ASSET_PATHS = "\"BarScanner/Preview Content\"";
				DEVELOPMENT_TEAM = 7H2Q593TBY;
				ENABLE_PREVIEWS = YES;
				GENERATE_INFOPLIST_FILE = YES;
				INFOPLIST_FILE = BarScanner/Info.plist;
				INFOPLIST_KEY_UIApplicationSceneManifest_Generation = YES;
				INFOPLIST_KEY_UIApplicationSupportsIndirectInputEvents = YES;
				INFOPLIST_KEY_UILaunchScreen_Generation = YES;
				INFOPLIST_KEY_UISupportedInterfaceOrientations_iPad = "UIInterfaceOrientationPortrait UIInterfaceOrientationPortraitUpsideDown UIInterfaceOrientationLandscapeLeft UIInterfaceOrientationLandscapeRight";
				INFOPLIST_KEY_UISupportedInterfaceOrientations_iPhone = "UIInterfaceOrientationPortrait UIInterfaceOrientationLandscapeLeft UIInterfaceOrientationLandscapeRight";
				IPHONEOS_DEPLOYMENT_TARGET = 16.6;
				LD_RUNPATH_SEARCH_PATHS = (
					"$(inherited)",
					"@executable_path/Frameworks",
				);
				MARKETING_VERSION = 1.0;
				PRODUCT_BUNDLE_IDENTIFIER = com.general.BarScanner;
				PRODUCT_NAME = "$(TARGET_NAME)";
				SWIFT_EMIT_LOC_STRINGS = YES;
				SWIFT_VERSION = 5.0;
				TARGETED_DEVICE_FAMILY = "1,2";
			};
			name = Debug;
		};
		0B0327CA2BA2D00E0011E471 /* Release */ = {
			isa = XCBuildConfiguration;
			buildSettings = {
				ASSETCATALOG_COMPILER_APPICON_NAME = AppIcon;
				ASSETCATALOG_COMPILER_GLOBAL_ACCENT_COLOR_NAME = AccentColor;
				CODE_SIGN_STYLE = Automatic;
				CURRENT_PROJECT_VERSION = 1;
				DEVELOPMENT_ASSET_PATHS = "\"BarScanner/Preview Content\"";
				DEVELOPMENT_TEAM = 7H2Q593TBY;
				ENABLE_PREVIEWS = YES;
				GENERATE_INFOPLIST_FILE = YES;
				INFOPLIST_FILE = BarScanner/Info.plist;
				INFOPLIST_KEY_UIApplicationSceneManifest_Generation = YES;
				INFOPLIST_KEY_UIApplicationSupportsIndirectInputEvents = YES;
				INFOPLIST_KEY_UILaunchScreen_Generation = YES;
				INFOPLIST_KEY_UISupportedInterfaceOrientations_iPad = "UIInterfaceOrientationPortrait UIInterfaceOrientationPortraitUpsideDown UIInterfaceOrientationLandscapeLeft UIInterfaceOrientationLandscapeRight";
				INFOPLIST_KEY_UISupportedInterfaceOrientations_iPhone = "UIInterfaceOrientationPortrait UIInterfaceOrientationLandscapeLeft UIInterfaceOrientationLandscapeRight";
				IPHONEOS_DEPLOYMENT_TARGET = 16.6;
				LD_RUNPATH_SEARCH_PATHS = (
					"$(inherited)",
					"@executable_path/Frameworks",
				);
				MARKETING_VERSION = 1.0;
				PRODUCT_BUNDLE_IDENTIFIER = com.general.BarScanner;
				PRODUCT_NAME = "$(TARGET_NAME)";
				SWIFT_EMIT_LOC_STRINGS = YES;
				SWIFT_VERSION = 5.0;
				TARGETED_DEVICE_FAMILY = "1,2";
			};
			name = Release;
		};
		0B0327CC2BA2D00E0011E471 /* Debug */ = {
			isa = XCBuildConfiguration;
			buildSettings = {
				ALWAYS_EMBED_SWIFT_STANDARD_LIBRARIES = YES;
				BUNDLE_LOADER = "$(TEST_HOST)";
				CODE_SIGN_STYLE = Automatic;
				CURRENT_PROJECT_VERSION = 1;
				DEVELOPMENT_TEAM = 7H2Q593TBY;
				GENERATE_INFOPLIST_FILE = YES;
				IPHONEOS_DEPLOYMENT_TARGET = 17.2;
				MARKETING_VERSION = 1.0;
				PRODUCT_BUNDLE_IDENTIFIER = com.general.BarScannerTests;
				PRODUCT_NAME = "$(TARGET_NAME)";
				SWIFT_EMIT_LOC_STRINGS = NO;
				SWIFT_VERSION = 5.0;
				TARGETED_DEVICE_FAMILY = "1,2";
				TEST_HOST = "$(BUILT_PRODUCTS_DIR)/BarScanner.app/$(BUNDLE_EXECUTABLE_FOLDER_PATH)/BarScanner";
			};
			name = Debug;
		};
		0B0327CD2BA2D00E0011E471 /* Release */ = {
			isa = XCBuildConfiguration;
			buildSettings = {
				ALWAYS_EMBED_SWIFT_STANDARD_LIBRARIES = YES;
				BUNDLE_LOADER = "$(TEST_HOST)";
				CODE_SIGN_STYLE = Automatic;
				CURRENT_PROJECT_VERSION = 1;
				DEVELOPMENT_TEAM = 7H2Q593TBY;
				GENERATE_INFOPLIST_FILE = YES;
				IPHONEOS_DEPLOYMENT_TARGET = 17.2;
				MARKETING_VERSION = 1.0;
				PRODUCT_BUNDLE_IDENTIFIER = com.general.BarScannerTests;
				PRODUCT_NAME = "$(TARGET_NAME)";
				SWIFT_EMIT_LOC_STRINGS = NO;
				SWIFT_VERSION = 5.0;
				TARGETED_DEVICE_FAMILY = "1,2";
				TEST_HOST = "$(BUILT_PRODUCTS_DIR)/BarScanner.app/$(BUNDLE_EXECUTABLE_FOLDER_PATH)/BarScanner";
			};
			name = Release;
		};
		0B0327CF2BA2D00E0011E471 /* Debug */ = {
			isa = XCBuildConfiguration;
			buildSettings = {
				ALWAYS_EMBED_SWIFT_STANDARD_LIBRARIES = YES;
				CODE_SIGN_STYLE = Automatic;
				CURRENT_PROJECT_VERSION = 1;
				DEVELOPMENT_TEAM = 7H2Q593TBY;
				GENERATE_INFOPLIST_FILE = YES;
				MARKETING_VERSION = 1.0;
				PRODUCT_BUNDLE_IDENTIFIER = com.general.BarScannerUITests;
				PRODUCT_NAME = "$(TARGET_NAME)";
				SWIFT_EMIT_LOC_STRINGS = NO;
				SWIFT_VERSION = 5.0;
				TARGETED_DEVICE_FAMILY = "1,2";
				TEST_TARGET_NAME = BarScanner;
			};
			name = Debug;
		};
		0B0327D02BA2D00E0011E471 /* Release */ = {
			isa = XCBuildConfiguration;
			buildSettings = {
				ALWAYS_EMBED_SWIFT_STANDARD_LIBRARIES = YES;
				CODE_SIGN_STYLE = Automatic;
				CURRENT_PROJECT_VERSION = 1;
				DEVELOPMENT_TEAM = 7H2Q593TBY;
				GENERATE_INFOPLIST_FILE = YES;
				MARKETING_VERSION = 1.0;
				PRODUCT_BUNDLE_IDENTIFIER = com.general.BarScannerUITests;
				PRODUCT_NAME = "$(TARGET_NAME)";
				SWIFT_EMIT_LOC_STRINGS = NO;
				SWIFT_VERSION = 5.0;
				TARGETED_DEVICE_FAMILY = "1,2";
				TEST_TARGET_NAME = BarScanner;
			};
			name = Release;
		};
/* End XCBuildConfiguration section */

/* Begin XCConfigurationList section */
		0B03279F2BA2D00C0011E471 /* Build configuration list for PBXProject "BarScanner" */ = {
			isa = XCConfigurationList;
			buildConfigurations = (
				0B0327C62BA2D00E0011E471 /* Debug */,
				0B0327C72BA2D00E0011E471 /* Release */,
			);
			defaultConfigurationIsVisible = 0;
			defaultConfigurationName = Release;
		};
		0B0327C82BA2D00E0011E471 /* Build configuration list for PBXNativeTarget "BarScanner" */ = {
			isa = XCConfigurationList;
			buildConfigurations = (
				0B0327C92BA2D00E0011E471 /* Debug */,
				0B0327CA2BA2D00E0011E471 /* Release */,
			);
			defaultConfigurationIsVisible = 0;
			defaultConfigurationName = Release;
		};
		0B0327CB2BA2D00E0011E471 /* Build configuration list for PBXNativeTarget "BarScannerTests" */ = {
			isa = XCConfigurationList;
			buildConfigurations = (
				0B0327CC2BA2D00E0011E471 /* Debug */,
				0B0327CD2BA2D00E0011E471 /* Release */,
			);
			defaultConfigurationIsVisible = 0;
			defaultConfigurationName = Release;
		};
		0B0327CE2BA2D00E0011E471 /* Build configuration list for PBXNativeTarget "BarScannerUITests" */ = {
			isa = XCConfigurationList;
			buildConfigurations = (
				0B0327CF2BA2D00E0011E471 /* Debug */,
				0B0327D02BA2D00E0011E471 /* Release */,
			);
			defaultConfigurationIsVisible = 0;
			defaultConfigurationName = Release;
		};
/* End XCConfigurationList section */
	};
	rootObject = 0B03279C2BA2D00C0011E471 /* Project object */;
}
